
Microsoft Visual Studio Solution File, Format Version 12.00
# Visual Studio Version 17
VisualStudioVersion = 17.9.34607.119
MinimumVisualStudioVersion = 10.0.40219.1
Project("{9A19103F-16F7-4668-BE54-9A1E7A4F7556}") = "st10260322_cldvp2", "st10260322_cldvp2.csproj", "{A261B66F-5FBE-4AE2-87F6-1470FC7B8167}"
EndProject
Project("{9A19103F-16F7-4668-BE54-9A1E7A4F7556}") = "st10260322_functionsAzure", "..\st10260322_functionsAzure\st10260322_functionsAzure.csproj", "{7EAC1603-DBBC-44D1-9692-5042E46EBAC5}"
EndProject
Global
	GlobalSection(SolutionConfigurationPlatforms) = preSolution
		Debug|Any CPU = Debug|Any CPU
		Release|Any CPU = Release|Any CPU
	EndGlobalSection
	GlobalSection(ProjectConfigurationPlatforms) = postSolution
		{A261B66F-5FBE-4AE2-87F6-1470FC7B8167}.Debug|Any CPU.ActiveCfg = Debug|Any CPU
		{A261B66F-5FBE-4AE2-87F6-1470FC7B8167}.Debug|Any CPU.Build.0 = Debug|Any CPU
		{A261B66F-5FBE-4AE2-87F6-1470FC7B8167}.Release|Any CPU.ActiveCfg = Release|Any CPU
		{A261B66F-5FBE-4AE2-87F6-1470FC7B8167}.Release|Any CPU.Build.0 = Release|Any CPU
		{7EAC1603-DBBC-44D1-9692-5042E46EBAC5}.Debug|Any CPU.ActiveCfg = Debug|Any CPU
		{7EAC1603-DBBC-44D1-9692-5042E46EBAC5}.Debug|Any CPU.Build.0 = Debug|Any CPU
		{7EAC1603-DBBC-44D1-9692-5042E46EBAC5}.Release|Any CPU.ActiveCfg = Release|Any CPU
		{7EAC1603-DBBC-44D1-9692-5042E46EBAC5}.Release|Any CPU.Build.0 = Release|Any CPU
	EndGlobalSection
	GlobalSection(SolutionProperties) = preSolution
		HideSolutionNode = FALSE
	EndGlobalSection
	GlobalSection(ExtensibilityGlobals) = postSolution
		SolutionGuid = {BB6C36DD-7D06-4E19-9972-100AED6B863C}
	EndGlobalSection
EndGlobal
